
Microsoft Visual Studio Solution File, Format Version 12.00
# Visual Studio Version 16
VisualStudioVersion = 16.0.29728.190
MinimumVisualStudioVersion = 10.0.40219.1
Project("{2150E333-8FDC-42A3-9474-1A3956D46DE8}") = "Application", "Application", "{FFD3C507-69D4-4B3C-B44E-5634122C5708}"
EndProject
Project("{2150E333-8FDC-42A3-9474-1A3956D46DE8}") = "Domain", "Domain", "{886132E9-5B4F-4F05-AAA1-4FFC25D64E7B}"
EndProject
Project("{2150E333-8FDC-42A3-9474-1A3956D46DE8}") = "Infra.IoC", "Infra.IoC", "{25071A6F-1634-4868-857D-E7842C83BB4E}"
EndProject
Project("{2150E333-8FDC-42A3-9474-1A3956D46DE8}") = "Infra.Data", "Infra.Data", "{064B5E43-916A-48F5-B51C-3AA9C15DD4F7}"
EndProject
Project("{2150E333-8FDC-42A3-9474-1A3956D46DE8}") = "Presentation", "Presentation", "{428BE90A-73D6-493E-AD58-57A465FF2ED1}"
EndProject
Project("{9A19103F-16F7-4668-BE54-9A1E7A4F7556}") = "CA.Mvc", "CA.Mvc\CA.Mvc.csproj", "{AD84558D-2759-4145-ADD6-93779A03CDF4}"
EndProject
Project("{9A19103F-16F7-4668-BE54-9A1E7A4F7556}") = "CleanArc.Domain", "CA.Domain\CleanArc.Domain.csproj", "{53ED5832-417A-476B-8BAF-ACF3885CD7ED}"
EndProject
Project("{9A19103F-16F7-4668-BE54-9A1E7A4F7556}") = "CleanArc.Infra.Data", "CA.Infra.Data\CleanArc.Infra.Data.csproj", "{2C34151E-0BDC-4FE2-A6FB-7900A5C40C7F}"
EndProject
Project("{9A19103F-16F7-4668-BE54-9A1E7A4F7556}") = "CleanArc.Application", "CleanArc.Applicarion\CleanArc.Application.csproj", "{8719A1EC-C0B4-4C8F-A444-73D8818DFF40}"
EndProject
Project("{FAE04EC0-301F-11D3-BF4B-00C04F79EFBC}") = "CleanArc.IoC", "CleanArc.IoC\CleanArc.IoC.csproj", "{30C087D4-E430-4324-BF57-D28D6E1E8908}"
EndProject
Global
	GlobalSection(SolutionConfigurationPlatforms) = preSolution
		Debug|Any CPU = Debug|Any CPU
		Release|Any CPU = Release|Any CPU
	EndGlobalSection
	GlobalSection(ProjectConfigurationPlatforms) = postSolution
		{AD84558D-2759-4145-ADD6-93779A03CDF4}.Debug|Any CPU.ActiveCfg = Debug|Any CPU
		{AD84558D-2759-4145-ADD6-93779A03CDF4}.Debug|Any CPU.Build.0 = Debug|Any CPU
		{AD84558D-2759-4145-ADD6-93779A03CDF4}.Release|Any CPU.ActiveCfg = Release|Any CPU
		{AD84558D-2759-4145-ADD6-93779A03CDF4}.Release|Any CPU.Build.0 = Release|Any CPU
		{53ED5832-417A-476B-8BAF-ACF3885CD7ED}.Debug|Any CPU.ActiveCfg = Debug|Any CPU
		{53ED5832-417A-476B-8BAF-ACF3885CD7ED}.Debug|Any CPU.Build.0 = Debug|Any CPU
		{53ED5832-417A-476B-8BAF-ACF3885CD7ED}.Release|Any CPU.ActiveCfg = Release|Any CPU
		{53ED5832-417A-476B-8BAF-ACF3885CD7ED}.Release|Any CPU.Build.0 = Release|Any CPU
		{2C34151E-0BDC-4FE2-A6FB-7900A5C40C7F}.Debug|Any CPU.ActiveCfg = Debug|Any CPU
		{2C34151E-0BDC-4FE2-A6FB-7900A5C40C7F}.Debug|Any CPU.Build.0 = Debug|Any CPU
		{2C34151E-0BDC-4FE2-A6FB-7900A5C40C7F}.Release|Any CPU.ActiveCfg = Release|Any CPU
		{2C34151E-0BDC-4FE2-A6FB-7900A5C40C7F}.Release|Any CPU.Build.0 = Release|Any CPU
		{8719A1EC-C0B4-4C8F-A444-73D8818DFF40}.Debug|Any CPU.ActiveCfg = Debug|Any CPU
		{8719A1EC-C0B4-4C8F-A444-73D8818DFF40}.Debug|Any CPU.Build.0 = Debug|Any CPU
		{8719A1EC-C0B4-4C8F-A444-73D8818DFF40}.Release|Any CPU.ActiveCfg = Release|Any CPU
		{8719A1EC-C0B4-4C8F-A444-73D8818DFF40}.Release|Any CPU.Build.0 = Release|Any CPU
		{30C087D4-E430-4324-BF57-D28D6E1E8908}.Debug|Any CPU.ActiveCfg = Debug|Any CPU
		{30C087D4-E430-4324-BF57-D28D6E1E8908}.Debug|Any CPU.Build.0 = Debug|Any CPU
		{30C087D4-E430-4324-BF57-D28D6E1E8908}.Release|Any CPU.ActiveCfg = Release|Any CPU
		{30C087D4-E430-4324-BF57-D28D6E1E8908}.Release|Any CPU.Build.0 = Release|Any CPU
	EndGlobalSection
	GlobalSection(SolutionProperties) = preSolution
		HideSolutionNode = FALSE
	EndGlobalSection
	GlobalSection(NestedProjects) = preSolution
		{AD84558D-2759-4145-ADD6-93779A03CDF4} = {428BE90A-73D6-493E-AD58-57A465FF2ED1}
		{53ED5832-417A-476B-8BAF-ACF3885CD7ED} = {886132E9-5B4F-4F05-AAA1-4FFC25D64E7B}
		{2C34151E-0BDC-4FE2-A6FB-7900A5C40C7F} = {064B5E43-916A-48F5-B51C-3AA9C15DD4F7}
		{8719A1EC-C0B4-4C8F-A444-73D8818DFF40} = {FFD3C507-69D4-4B3C-B44E-5634122C5708}
		{30C087D4-E430-4324-BF57-D28D6E1E8908} = {25071A6F-1634-4868-857D-E7842C83BB4E}
	EndGlobalSection
	GlobalSection(ExtensibilityGlobals) = postSolution
		SolutionGuid = {818FDA81-F8B2-4BAC-8E80-9C39173525A6}
	EndGlobalSection
EndGlobal
